
Microsoft Visual Studio Solution File, Format Version 11.00
# Visual Studio Version 17

Project("{8BC9CEB8-8B4A-11D0-8D11-00A0C91BC942}") = "spiro - Standalone Plugin", "spiro_StandalonePlugin.vcxproj", "{F1B27642-C000-B3AC-99E0-6499B3FC1714}"
	ProjectSection(ProjectDependencies) = postProject
		{8850F54F-27EC-6F54-0AD8-B73193998110} = {8850F54F-27EC-6F54-0AD8-B73193998110}
	EndProjectSection
EndProject
Project("{8BC9CEB8-8B4A-11D0-8D11-00A0C91BC942}") = "spiro - VST3", "spiro_VST3.vcxproj", "{5A6DD628-6EF7-6C64-D352-5C19B2C03B40}"
	ProjectSection(ProjectDependencies) = postProject
		{8850F54F-27EC-6F54-0AD8-B73193998110} = {8850F54F-27EC-6F54-0AD8-B73193998110}
		{6EB1DBD8-0318-433E-6EA7-ECC3E698EE47} = {6EB1DBD8-0318-433E-6EA7-ECC3E698EE47}
	EndProjectSection
EndProject
Project("{8BC9CEB8-8B4A-11D0-8D11-00A0C91BC942}") = "spiro - Shared Code", "spiro_SharedCode.vcxproj", "{8850F54F-27EC-6F54-0AD8-B73193998110}"
EndProject
Project("{8BC9CEB8-8B4A-11D0-8D11-00A0C91BC942}") = "spiro - VST3 Manifest Helper", "spiro_VST3ManifestHelper.vcxproj", "{6EB1DBD8-0318-433E-6EA7-ECC3E698EE47}"
EndProject
Global
	GlobalSection(SolutionConfigurationPlatforms) = preSolution
		Debug|x64 = Debug|x64
		Release|x64 = Release|x64
	EndGlobalSection
	GlobalSection(ProjectConfigurationPlatforms) = postSolution
		{5A6DD628-6EF7-6C64-D352-5C19B2C03B40}.Debug|x64.ActiveCfg = Debug|x64
		{5A6DD628-6EF7-6C64-D352-5C19B2C03B40}.Debug|x64.Build.0 = Debug|x64
		{5A6DD628-6EF7-6C64-D352-5C19B2C03B40}.Release|x64.ActiveCfg = Release|x64
		{5A6DD628-6EF7-6C64-D352-5C19B2C03B40}.Release|x64.Build.0 = Release|x64
		{F1B27642-C000-B3AC-99E0-6499B3FC1714}.Debug|x64.ActiveCfg = Debug|x64
		{F1B27642-C000-B3AC-99E0-6499B3FC1714}.Debug|x64.Build.0 = Debug|x64
		{F1B27642-C000-B3AC-99E0-6499B3FC1714}.Release|x64.ActiveCfg = Release|x64
		{F1B27642-C000-B3AC-99E0-6499B3FC1714}.Release|x64.Build.0 = Release|x64
		{8850F54F-27EC-6F54-0AD8-B73193998110}.Debug|x64.ActiveCfg = Debug|x64
		{8850F54F-27EC-6F54-0AD8-B73193998110}.Debug|x64.Build.0 = Debug|x64
		{8850F54F-27EC-6F54-0AD8-B73193998110}.Release|x64.ActiveCfg = Release|x64
		{8850F54F-27EC-6F54-0AD8-B73193998110}.Release|x64.Build.0 = Release|x64
		{6EB1DBD8-0318-433E-6EA7-ECC3E698EE47}.Debug|x64.ActiveCfg = Debug|x64
		{6EB1DBD8-0318-433E-6EA7-ECC3E698EE47}.Debug|x64.Build.0 = Debug|x64
		{6EB1DBD8-0318-433E-6EA7-ECC3E698EE47}.Release|x64.ActiveCfg = Release|x64
		{6EB1DBD8-0318-433E-6EA7-ECC3E698EE47}.Release|x64.Build.0 = Release|x64
	EndGlobalSection
	GlobalSection(SolutionProperties) = preSolution
		HideSolutionNode = FALSE
	EndGlobalSection
EndGlobal
